
Microsoft Visual Studio Solution File, Format Version 12.00
# Visual Studio 2013
VisualStudioVersion = 12.0.40629.0
MinimumVisualStudioVersion = 10.0.40219.1
Project("{FAE04EC0-301F-11D3-BF4B-00C04F79EFBC}") = "ValidationTests", "ValidationTests\ValidationTests.csproj", "{DD4B7D2A-496F-444A-A0ED-A16E3ACD7C31}"
EndProject
Global
	GlobalSection(SolutionConfigurationPlatforms) = preSolution
		Debug|Any CPU = Debug|Any CPU
		Release|Any CPU = Release|Any CPU
	EndGlobalSection
	GlobalSection(ProjectConfigurationPlatforms) = postSolution
		{DD4B7D2A-496F-444A-A0ED-A16E3ACD7C31}.Debug|Any CPU.ActiveCfg = Debug|Any CPU
		{DD4B7D2A-496F-444A-A0ED-A16E3ACD7C31}.Debug|Any CPU.Build.0 = Debug|Any CPU
		{DD4B7D2A-496F-444A-A0ED-A16E3ACD7C31}.Release|Any CPU.ActiveCfg = Release|Any CPU
		{DD4B7D2A-496F-444A-A0ED-A16E3ACD7C31}.Release|Any CPU.Build.0 = Release|Any CPU
	EndGlobalSection
	GlobalSection(SolutionProperties) = preSolution
		HideSolutionNode = FALSE
	EndGlobalSection
EndGlobal
