{
  "name": "react-ui-validations",
  "version": "0.0.5",
  "dependencies": {
    "lodash.isequal": {
      "version": "4.5.0",
      "from": "lodash.isequal@>=4.5.0 <5.0.0",
      "resolved": "https://registry.npmjs.org/lodash.isequal/-/lodash.isequal-4.5.0.tgz"
    },
    "smoothscroll-polyfill": {
      "version": "0.3.4",
      "from": "smoothscroll-polyfill@>=0.3.4 <0.4.0",
      "resolved": "https://registry.npmjs.org/smoothscroll-polyfill/-/smoothscroll-polyfill-0.3.4.tgz"
    }
  }
}
