
Microsoft Visual Studio Solution File, Format Version 12.00
# Visual Studio 15
VisualStudioVersion = 15.0.27130.2003
MinimumVisualStudioVersion = 10.0.40219.1
Project("{9A19103F-16F7-4668-BE54-9A1E7A4F7556}") = "TestsCore", "TestsCore\TestsCore.csproj", "{FA1565A5-6083-4B8B-B3BA-37A8F415CFC7}"
EndProject
Project("{9A19103F-16F7-4668-BE54-9A1E7A4F7556}") = "SeleniumTestingCore", "SeleniumTestingCore\SeleniumTestingCore.csproj", "{1F11E7EC-15BD-4C0A-930E-DDE9A506C9E6}"
EndProject
Global
	GlobalSection(SolutionConfigurationPlatforms) = preSolution
		Debug|Any CPU = Debug|Any CPU
		Release|Any CPU = Release|Any CPU
	EndGlobalSection
	GlobalSection(ProjectConfigurationPlatforms) = postSolution
		{FA1565A5-6083-4B8B-B3BA-37A8F415CFC7}.Debug|Any CPU.ActiveCfg = Debug|Any CPU
		{FA1565A5-6083-4B8B-B3BA-37A8F415CFC7}.Debug|Any CPU.Build.0 = Debug|Any CPU
		{FA1565A5-6083-4B8B-B3BA-37A8F415CFC7}.Release|Any CPU.ActiveCfg = Release|Any CPU
		{FA1565A5-6083-4B8B-B3BA-37A8F415CFC7}.Release|Any CPU.Build.0 = Release|Any CPU
		{1F11E7EC-15BD-4C0A-930E-DDE9A506C9E6}.Debug|Any CPU.ActiveCfg = Debug|Any CPU
		{1F11E7EC-15BD-4C0A-930E-DDE9A506C9E6}.Debug|Any CPU.Build.0 = Debug|Any CPU
		{1F11E7EC-15BD-4C0A-930E-DDE9A506C9E6}.Release|Any CPU.ActiveCfg = Release|Any CPU
		{1F11E7EC-15BD-4C0A-930E-DDE9A506C9E6}.Release|Any CPU.Build.0 = Release|Any CPU
	EndGlobalSection
	GlobalSection(SolutionProperties) = preSolution
		HideSolutionNode = FALSE
	EndGlobalSection
	GlobalSection(ExtensibilityGlobals) = postSolution
		SolutionGuid = {B3887233-212C-4F11-9A21-69144C22B97E}
	EndGlobalSection
EndGlobal
